Microsoft Visual Studio Solution File, Format Version 12.00
# Visual Studio 2012
Project("{FAE04EC0-301F-11D3-BF4B-00C04F79EFBC}") = "Card Game", "Card Game.csproj", "{FD303BDE-E671-42BB-91E8-3F00E7E75E30}"
EndProject
Global
	GlobalSection(SolutionConfigurationPlatforms) = preSolution
	Debug|Any CPU = Debug|Any CPU
	ExportDebug|Any CPU = ExportDebug|Any CPU
	ExportRelease|Any CPU = ExportRelease|Any CPU
	EndGlobalSection
	GlobalSection(ProjectConfigurationPlatforms) = postSolution
		{FD303BDE-E671-42BB-91E8-3F00E7E75E30}.Debug|Any CPU.ActiveCfg = Debug|Any CPU
		{FD303BDE-E671-42BB-91E8-3F00E7E75E30}.Debug|Any CPU.Build.0 = Debug|Any CPU
		{FD303BDE-E671-42BB-91E8-3F00E7E75E30}.ExportDebug|Any CPU.ActiveCfg = ExportDebug|Any CPU
		{FD303BDE-E671-42BB-91E8-3F00E7E75E30}.ExportDebug|Any CPU.Build.0 = ExportDebug|Any CPU
		{FD303BDE-E671-42BB-91E8-3F00E7E75E30}.ExportRelease|Any CPU.ActiveCfg = ExportRelease|Any CPU
		{FD303BDE-E671-42BB-91E8-3F00E7E75E30}.ExportRelease|Any CPU.Build.0 = ExportRelease|Any CPU
	EndGlobalSection
EndGlobal
